
Microsoft Visual Studio Solution File, Format Version 12.00
Project("{FAE04EC0-301F-11D3-BF4B-00C04F79EFBC}") = "TicTacToe", "TicTacToe\TicTacToe.csproj", "{B332F858-8426-41AB-B902-140F42434706}"
EndProject
Project("{FAE04EC0-301F-11D3-BF4B-00C04F79EFBC}") = "SpecFlowTicTacToe", "SpecFlowTicTacToe\SpecFlowTicTacToe.csproj", "{F6AB6273-D78A-4083-A90D-05487EFFC7F2}"
EndProject
Project("{FAE04EC0-301F-11D3-BF4B-00C04F79EFBC}") = "ClientConsole", "ClientConsole\ClientConsole.csproj", "{4BD91EF7-3A9E-4008-A795-88996A4A47F7}"
EndProject
Global
	GlobalSection(SolutionConfigurationPlatforms) = preSolution
		Debug|Any CPU = Debug|Any CPU
		Release|Any CPU = Release|Any CPU
	EndGlobalSection
	GlobalSection(ProjectConfigurationPlatforms) = postSolution
		{B332F858-8426-41AB-B902-140F42434706}.Debug|Any CPU.ActiveCfg = Debug|Any CPU
		{B332F858-8426-41AB-B902-140F42434706}.Debug|Any CPU.Build.0 = Debug|Any CPU
		{B332F858-8426-41AB-B902-140F42434706}.Release|Any CPU.ActiveCfg = Release|Any CPU
		{B332F858-8426-41AB-B902-140F42434706}.Release|Any CPU.Build.0 = Release|Any CPU
		{F6AB6273-D78A-4083-A90D-05487EFFC7F2}.Debug|Any CPU.ActiveCfg = Debug|Any CPU
		{F6AB6273-D78A-4083-A90D-05487EFFC7F2}.Debug|Any CPU.Build.0 = Debug|Any CPU
		{F6AB6273-D78A-4083-A90D-05487EFFC7F2}.Release|Any CPU.ActiveCfg = Release|Any CPU
		{F6AB6273-D78A-4083-A90D-05487EFFC7F2}.Release|Any CPU.Build.0 = Release|Any CPU
		{4BD91EF7-3A9E-4008-A795-88996A4A47F7}.Debug|Any CPU.ActiveCfg = Debug|Any CPU
		{4BD91EF7-3A9E-4008-A795-88996A4A47F7}.Debug|Any CPU.Build.0 = Debug|Any CPU
		{4BD91EF7-3A9E-4008-A795-88996A4A47F7}.Release|Any CPU.ActiveCfg = Release|Any CPU
		{4BD91EF7-3A9E-4008-A795-88996A4A47F7}.Release|Any CPU.Build.0 = Release|Any CPU
	EndGlobalSection
EndGlobal
